<?xml version="1.0" encoding="utf-8"?>
<Project ToolsVersion="4.0" xmlns="http://schemas.microsoft.com/developer/msbuild/2003">
  <ItemGroup>
    <ClCompile Include="..\src\scripting\callback_manager.cpp">
      <Filter>Sources</Filter>
    </ClCompile>
    <ClCompile Include="..\src\core\managers\chat_manager.cpp">
      <Filter>Sources</Filter>
    </ClCompile>
    <ClCompile Include="..\src\core\managers\client_command_manager.cpp">
      <Filter>Sources</Filter>
    </ClCompile>
    <ClCompile Include="..\src\core\managers\con_command_manager.cpp">
      <Filter>Sources</Filter>
    </ClCompile>
    <ClCompile Include="..\libraries\hl2sdk-cs2\tier1\convar.cpp">
      <Filter>Sources</Filter>
    </ClCompile>
    <ClCompile Include="..\src\core\cs2_sdk\interfaces\cs2_interfaces.cpp">
      <Filter>Sources</Filter>
    </ClCompile>
    <ClCompile Include="..\src\scripting\dotnet_host.cpp">
      <Filter>Sources</Filter>
    </ClCompile>
    <ClCompile Include="..\src\core\engine_trace.cpp">
      <Filter>Sources</Filter>
    </ClCompile>
    <ClCompile Include="..\src\core\managers\entity_manager.cpp">
      <Filter>Sources</Filter>
    </ClCompile>
    <ClCompile Include="..\libraries\hl2sdk-cs2\entity2\entitysystem.cpp">
      <Filter>Sources</Filter>
    </ClCompile>
    <ClCompile Include="..\src\core\managers\event_manager.cpp">
      <Filter>Sources</Filter>
    </ClCompile>
    <ClCompile Include="..\src\core\function.cpp">
      <Filter>Sources</Filter>
    </ClCompile>
    <ClCompile Include="..\libraries\hl2sdk-cs2\tier1\generichash.cpp">
      <Filter>Sources</Filter>
    </ClCompile>
    <ClCompile Include="..\src\core\globals.cpp">
      <Filter>Sources</Filter>
    </ClCompile>
    <ClCompile Include="..\src\core\log.cpp">
      <Filter>Sources</Filter>
    </ClCompile>
    <ClCompile Include="..\src\core\memory.cpp">
      <Filter>Sources</Filter>
    </ClCompile>
    <ClCompile Include="..\libraries\hl2sdk-cs2\public\tier0\memoverride.cpp">
      <Filter>Sources</Filter>
    </ClCompile>
    <ClCompile Include="..\src\mm_plugin.cpp">
      <Filter>Sources</Filter>
    </ClCompile>
    <ClCompile Include="..\src\scripting\natives\natives_callbacks.cpp">
      <Filter>Sources</Filter>
    </ClCompile>
    <ClCompile Include="..\src\scripting\natives\natives_commands.cpp">
      <Filter>Sources</Filter>
    </ClCompile>
    <ClCompile Include="..\src\scripting\natives\natives_engine.cpp">
      <Filter>Sources</Filter>
    </ClCompile>
    <ClCompile Include="..\src\scripting\natives\natives_entities.cpp">
      <Filter>Sources</Filter>
    </ClCompile>
    <ClCompile Include="..\src\scripting\natives\natives_events.cpp">
      <Filter>Sources</Filter>
    </ClCompile>
    <ClCompile Include="..\src\scripting\natives\natives_memory.cpp">
      <Filter>Sources</Filter>
    </ClCompile>
    <ClCompile Include="..\src\scripting\natives\natives_schema.cpp">
      <Filter>Sources</Filter>
    </ClCompile>
    <ClCompile Include="..\src\scripting\natives\natives_server.cpp">
      <Filter>Sources</Filter>
    </ClCompile>
    <ClCompile Include="..\src\scripting\natives\natives_timers.cpp">
      <Filter>Sources</Filter>
    </ClCompile>
    <ClCompile Include="..\src\scripting\natives\natives_vector.cpp">
      <Filter>Sources</Filter>
    </ClCompile>
    <ClCompile Include="..\src\core\managers\player_manager.cpp">
      <Filter>Sources</Filter>
    </ClCompile>
    <ClCompile Include="..\src\core\cs2_sdk\schema.cpp">
      <Filter>Sources</Filter>
    </ClCompile>
    <ClCompile Include="..\src\scripting\script_engine.cpp">
      <Filter>Sources</Filter>
    </ClCompile>
    <ClCompile Include="..\src\core\managers\server_manager.cpp">
      <Filter>Sources</Filter>
    </ClCompile>
    <ClCompile Include="..\libraries\metamod-source\core\sourcehook\sourcehook.cpp">
      <Filter>Sources</Filter>
    </ClCompile>
    <ClCompile Include="..\libraries\metamod-source\core\sourcehook\sourcehook_impl_chookidman.cpp">
      <Filter>Sources</Filter>
    </ClCompile>
    <ClCompile Include="..\libraries\metamod-source\core\sourcehook\sourcehook_impl_chookmaninfo.cpp">
      <Filter>Sources</Filter>
    </ClCompile>
    <ClCompile Include="..\libraries\metamod-source\core\sourcehook\sourcehook_impl_cproto.cpp">
      <Filter>Sources</Filter>
    </ClCompile>
    <ClCompile Include="..\libraries\metamod-source\core\sourcehook\sourcehook_impl_cvfnptr.cpp">
      <Filter>Sources</Filter>
    </ClCompile>
    <ClCompile Include="..\src\core\timer_system.cpp">
      <Filter>Sources</Filter>
    </ClCompile>
  </ItemGroup>
  <ItemGroup>
    <ClInclude Include="..\src\scripting\autonative.h">
      <Filter>Headers</Filter>
    </ClInclude>
    <ClInclude Include="..\src\scripting\callback_manager.h">
      <Filter>Headers</Filter>
    </ClInclude>
    <ClInclude Include="..\src\core\managers\chat_manager.h">
      <Filter>Headers</Filter>
    </ClInclude>
    <ClInclude Include="..\src\core\managers\client_command_manager.h">
      <Filter>Headers</Filter>
    </ClInclude>
    <ClInclude Include="..\src\core\managers\con_command_manager.h">
      <Filter>Headers</Filter>
    </ClInclude>
    <ClInclude Include="..\libraries\dotnet\coreclr_delegates.h">
      <Filter>Headers</Filter>
    </ClInclude>
    <ClInclude Include="..\src\core\cs2_sdk\interfaces\cs2_interfaces.h">
      <Filter>Headers</Filter>
    </ClInclude>
    <ClInclude Include="..\src\scripting\dotnet_host.h">
      <Filter>Headers</Filter>
    </ClInclude>
    <ClInclude Include="..\src\core\cs2_sdk\interfaces\cschemasystem.h">
      <Filter>Headers</Filter>
    </ClInclude>
    <ClInclude Include="..\src\core\engine_trace.h">
      <Filter>Headers</Filter>
    </ClInclude>
    <ClInclude Include="..\src\core\managers\entity_manager.h">
      <Filter>Headers</Filter>
    </ClInclude>
    <ClInclude Include="..\src\core\managers\event_manager.h">
      <Filter>Headers</Filter>
    </ClInclude>
    <ClInclude Include="..\src\core\function.h">
      <Filter>Headers</Filter>
    </ClInclude>
    <ClInclude Include="..\src\core\global_listener.h">
      <Filter>Headers</Filter>
    </ClInclude>
    <ClInclude Include="..\src\core\globals.h">
      <Filter>Headers</Filter>
    </ClInclude>
    <ClInclude Include="..\libraries\dotnet\hostfxr.h">
      <Filter>Headers</Filter>
    </ClInclude>
    <ClInclude Include="..\src\core\log.h">
      <Filter>Headers</Filter>
    </ClInclude>
    <ClInclude Include="..\src\core\memory.h">
      <Filter>Headers</Filter>
    </ClInclude>
    <ClInclude Include="..\src\core\memory_module.h">
      <Filter>Headers</Filter>
    </ClInclude>
    <ClInclude Include="..\src\mm_plugin.h">
      <Filter>Headers</Filter>
    </ClInclude>
    <ClInclude Include="..\src\core\managers\player_manager.h">
      <Filter>Headers</Filter>
    </ClInclude>
    <ClInclude Include="..\src\core\cs2_sdk\schema.h">
      <Filter>Headers</Filter>
    </ClInclude>
    <ClInclude Include="..\src\scripting\script_engine.h">
      <Filter>Headers</Filter>
    </ClInclude>
    <ClInclude Include="..\src\core\managers\server_manager.h">
      <Filter>Headers</Filter>
    </ClInclude>
    <ClInclude Include="..\src\core\timer_system.h">
      <Filter>Headers</Filter>
    </ClInclude>
    <ClInclude Include="..\src\core\utils.h">
      <Filter>Headers</Filter>
    </ClInclude>
    <ClInclude Include="..\src\utils\virtual.h">
      <Filter>Headers</Filter>
    </ClInclude>
    <ClInclude Include="..\src\core\cs2_sdk\interfaces\cgameresourceserviceserver.h">
      <Filter>Headers</Filter>
    </ClInclude>
  </ItemGroup>
  <ItemGroup>
    <Filter Include="Headers">
      <UniqueIdentifier>{06bc1cbe-3348-4d07-995b-ec13027216c0}</UniqueIdentifier>
    </Filter>
    <Filter Include="Sources">
      <UniqueIdentifier>{8a5525c6-d1a5-4cf2-979c-69759fe8e65e}</UniqueIdentifier>
    </Filter>
  </ItemGroup>
</Project>