<?xml version="1.0" encoding="utf-8"?>
<Project ToolsVersion="4.0" xmlns="http://schemas.microsoft.com/developer/msbuild/2003">
  <ItemGroup>
    <Filter Include="源文件">
      <UniqueIdentifier>{4FC737F1-C7A5-4376-A066-2A32D752A2FF}</UniqueIdentifier>
      <Extensions>cpp;c;cc;cxx;c++;cppm;ixx;def;odl;idl;hpj;bat;asm;asmx</Extensions>
    </Filter>
    <Filter Include="头文件">
      <UniqueIdentifier>{93995380-89BD-4b04-88EB-625FBE52EBFB}</UniqueIdentifier>
      <Extensions>h;hh;hpp;hxx;h++;hm;inl;inc;ipp;xsd</Extensions>
    </Filter>
    <Filter Include="资源文件">
      <UniqueIdentifier>{67DA6AB6-F800-4c08-8B7A-83BB121AAD01}</UniqueIdentifier>
      <Extensions>rc;ico;cur;bmp;dlg;rc2;rct;bin;rgs;gif;jpg;jpeg;jpe;resx;tiff;tif;png;wav;mfcribbon-ms</Extensions>
    </Filter>
  </ItemGroup>
  <ItemGroup>
    <ClCompile Include="..\src\mm_plugin.cpp">
      <Filter>源文件</Filter>
    </ClCompile>
    <ClCompile Include="..\libraries\hl2sdk-cs2\tier1\convar.cpp">
      <Filter>源文件</Filter>
    </ClCompile>
    <ClCompile Include="..\libraries\hl2sdk-cs2\tier1\generichash.cpp">
      <Filter>源文件</Filter>
    </ClCompile>
    <ClCompile Include="..\libraries\hl2sdk-cs2\entity2\entitysystem.cpp">
      <Filter>源文件</Filter>
    </ClCompile>
    <ClCompile Include="..\libraries\hl2sdk-cs2\public\tier0\memoverride.cpp">
      <Filter>源文件</Filter>
    </ClCompile>
    <ClCompile Include="..\libraries\metamod-source\core\sourcehook\sourcehook.cpp">
      <Filter>源文件</Filter>
    </ClCompile>
    <ClCompile Include="..\libraries\metamod-source\core\sourcehook\sourcehook_impl_chookidman.cpp">
      <Filter>源文件</Filter>
    </ClCompile>
    <ClCompile Include="..\libraries\metamod-source\core\sourcehook\sourcehook_impl_chookmaninfo.cpp">
      <Filter>源文件</Filter>
    </ClCompile>
    <ClCompile Include="..\libraries\metamod-source\core\sourcehook\sourcehook_impl_cvfnptr.cpp">
      <Filter>源文件</Filter>
    </ClCompile>
    <ClCompile Include="..\libraries\metamod-source\core\sourcehook\sourcehook_impl_cproto.cpp">
      <Filter>源文件</Filter>
    </ClCompile>
    <ClCompile Include="..\src\scripting\dotnet_host.cpp">
      <Filter>源文件</Filter>
    </ClCompile>
    <ClCompile Include="..\src\core\globals.cpp">
      <Filter>源文件</Filter>
    </ClCompile>
    <ClCompile Include="..\src\core\log.cpp">
      <Filter>源文件</Filter>
    </ClCompile>
    <ClCompile Include="..\src\scripting\script_engine.cpp">
      <Filter>源文件</Filter>
    </ClCompile>
    <ClCompile Include="..\src\scripting\callback_manager.cpp">
      <Filter>源文件</Filter>
    </ClCompile>
    <ClCompile Include="..\src\core\managers\event_manager.cpp">
      <Filter>源文件</Filter>
    </ClCompile>
    <ClCompile Include="..\src\core\timer_system.cpp">
      <Filter>源文件</Filter>
    </ClCompile>
    <ClCompile Include="..\src\scripting\natives\natives_engine.cpp">
      <Filter>源文件</Filter>
    </ClCompile>
    <ClCompile Include="..\src\core\engine_trace.cpp">
      <Filter>源文件</Filter>
    </ClCompile>
    <ClCompile Include="..\src\scripting\natives\natives_callbacks.cpp">
      <Filter>源文件</Filter>
    </ClCompile>
    <ClCompile Include="..\src\core\managers\player_manager.cpp">
      <Filter>源文件</Filter>
    </ClCompile>
    <ClCompile Include="..\src\scripting\natives\natives_vector.cpp">
      <Filter>源文件</Filter>
    </ClCompile>
    <ClCompile Include="..\src\scripting\natives\natives_timers.cpp">
      <Filter>源文件</Filter>
    </ClCompile>
    <ClCompile Include="..\src\scripting\natives\natives_events.cpp">
      <Filter>源文件</Filter>
    </ClCompile>
    <ClCompile Include="..\src\core\memory.cpp">
      <Filter>源文件</Filter>
    </ClCompile>
    <ClCompile Include="..\src\core\managers\con_command_manager.cpp">
      <Filter>源文件</Filter>
    </ClCompile>
    <ClCompile Include="..\src\scripting\natives\natives_commands.cpp">
      <Filter>源文件</Filter>
    </ClCompile>
    <ClCompile Include="..\src\core\cs2_sdk\interfaces\cs2_interfaces.cpp">
      <Filter>源文件</Filter>
    </ClCompile>
    <ClCompile Include="..\src\core\cs2_sdk\schema.cpp">
      <Filter>源文件</Filter>
    </ClCompile>
    <ClCompile Include="..\src\core\function.cpp">
      <Filter>源文件</Filter>
    </ClCompile>
    <ClCompile Include="..\src\scripting\natives\natives_memory.cpp">
      <Filter>源文件</Filter>
    </ClCompile>
    <ClCompile Include="..\src\scripting\natives\natives_schema.cpp">
      <Filter>源文件</Filter>
    </ClCompile>
    <ClCompile Include="..\src\scripting\natives\natives_entities.cpp">
      <Filter>源文件</Filter>
    </ClCompile>
    <ClCompile Include="..\src\core\managers\entity_manager.cpp">
      <Filter>源文件</Filter>
    </ClCompile>
    <ClCompile Include="..\src\core\managers\chat_manager.cpp">
      <Filter>源文件</Filter>
    </ClCompile>
    <ClCompile Include="..\src\core\managers\client_command_manager.cpp">
      <Filter>源文件</Filter>
    </ClCompile>
    <ClCompile Include="..\src\core\managers\server_manager.cpp">
      <Filter>源文件</Filter>
    </ClCompile>
    <ClCompile Include="..\src\scripting\natives\natives_server.cpp">
      <Filter>源文件</Filter>
    </ClCompile>
  </ItemGroup>
  <ItemGroup>
    <ClInclude Include="..\src\mm_plugin.h">
      <Filter>头文件</Filter>
    </ClInclude>
    <ClInclude Include="..\libraries\dotnet\hostfxr.h">
      <Filter>头文件</Filter>
    </ClInclude>
    <ClInclude Include="..\libraries\dotnet\coreclr_delegates.h">
      <Filter>头文件</Filter>
    </ClInclude>
    <ClInclude Include="..\src\scripting\dotnet_host.h">
      <Filter>头文件</Filter>
    </ClInclude>
    <ClInclude Include="..\src\core\utils.h">
      <Filter>头文件</Filter>
    </ClInclude>
    <ClInclude Include="..\src\core\globals.h">
      <Filter>头文件</Filter>
    </ClInclude>
    <ClInclude Include="..\src\core\log.h">
      <Filter>头文件</Filter>
    </ClInclude>
    <ClInclude Include="..\src\scripting\script_engine.h">
      <Filter>头文件</Filter>
    </ClInclude>
    <ClInclude Include="..\src\core\global_listener.h">
      <Filter>头文件</Filter>
    </ClInclude>
    <ClInclude Include="..\src\scripting\callback_manager.h">
      <Filter>头文件</Filter>
    </ClInclude>
    <ClInclude Include="..\src\core\managers\event_manager.h">
      <Filter>头文件</Filter>
    </ClInclude>
    <ClInclude Include="..\src\core\timer_system.h">
      <Filter>头文件</Filter>
    </ClInclude>
    <ClInclude Include="..\src\scripting\autonative.h">
      <Filter>头文件</Filter>
    </ClInclude>
    <ClInclude Include="..\src\core\engine_trace.h">
      <Filter>头文件</Filter>
    </ClInclude>
    <ClInclude Include="..\src\core\managers\player_manager.h">
      <Filter>头文件</Filter>
    </ClInclude>
    <ClInclude Include="..\src\utils\virtual.h">
      <Filter>头文件</Filter>
    </ClInclude>
    <ClInclude Include="..\src\core\memory.h">
      <Filter>头文件</Filter>
    </ClInclude>
    <ClInclude Include="..\src\core\managers\con_command_manager.h">
      <Filter>头文件</Filter>
    </ClInclude>
    <ClInclude Include="..\src\core\memory_module.h">
      <Filter>头文件</Filter>
    </ClInclude>
    <ClInclude Include="..\src\core\cs2_sdk\interfaces\cgameresourceserviceserver.h">
      <Filter>头文件</Filter>
    </ClInclude>
    <ClInclude Include="..\src\core\cs2_sdk\interfaces\cschemasystem.h">
      <Filter>头文件</Filter>
    </ClInclude>
    <ClInclude Include="..\src\core\cs2_sdk\interfaces\cs2_interfaces.h">
      <Filter>头文件</Filter>
    </ClInclude>
    <ClInclude Include="..\src\core\cs2_sdk\schema.h">
      <Filter>头文件</Filter>
    </ClInclude>
    <ClInclude Include="..\src\core\function.h">
      <Filter>头文件</Filter>
    </ClInclude>
    <ClInclude Include="..\src\core\managers\entity_manager.h">
      <Filter>头文件</Filter>
    </ClInclude>
    <ClInclude Include="..\src\core\managers\chat_manager.h">
      <Filter>头文件</Filter>
    </ClInclude>
    <ClInclude Include="..\src\core\managers\client_command_manager.h">
      <Filter>头文件</Filter>
    </ClInclude>
    <ClInclude Include="..\src\core\managers\server_manager.h">
      <Filter>头文件</Filter>
    </ClInclude>
  </ItemGroup>
</Project>